
Microsoft Visual Studio Solution File, Format Version 12.00
# Visual Studio Version 17
VisualStudioVersion = 17.1.32228.430
MinimumVisualStudioVersion = 10.0.40219.1
Project("{FAE04EC0-301F-11D3-BF4B-00C04F79EFBC}") = "XamarinTest2.Android", "XamarinTest2\XamarinTest2.Android\XamarinTest2.Android.csproj", "{F7D46728-6832-41EC-B04B-3F8FCE679494}"
EndProject
Project("{FAE04EC0-301F-11D3-BF4B-00C04F79EFBC}") = "XamarinTest2", "XamarinTest2\XamarinTest2\XamarinTest2.csproj", "{79E5FEEC-31B4-4146-BF5E-F09FAFA87FF3}"
EndProject
Global
	GlobalSection(SolutionConfigurationPlatforms) = preSolution
		Debug|Any CPU = Debug|Any CPU
		Release|Any CPU = Release|Any CPU
	EndGlobalSection
	GlobalSection(ProjectConfigurationPlatforms) = postSolution
		{F7D46728-6832-41EC-B04B-3F8FCE679494}.Debug|Any CPU.ActiveCfg = Debug|Any CPU
		{F7D46728-6832-41EC-B04B-3F8FCE679494}.Debug|Any CPU.Build.0 = Debug|Any CPU
		{F7D46728-6832-41EC-B04B-3F8FCE679494}.Debug|Any CPU.Deploy.0 = Debug|Any CPU
		{F7D46728-6832-41EC-B04B-3F8FCE679494}.Release|Any CPU.ActiveCfg = Release|Any CPU
		{F7D46728-6832-41EC-B04B-3F8FCE679494}.Release|Any CPU.Build.0 = Release|Any CPU
		{F7D46728-6832-41EC-B04B-3F8FCE679494}.Release|Any CPU.Deploy.0 = Release|Any CPU
		{79E5FEEC-31B4-4146-BF5E-F09FAFA87FF3}.Debug|Any CPU.ActiveCfg = Debug|Any CPU
		{79E5FEEC-31B4-4146-BF5E-F09FAFA87FF3}.Debug|Any CPU.Build.0 = Debug|Any CPU
		{79E5FEEC-31B4-4146-BF5E-F09FAFA87FF3}.Debug|Any CPU.Deploy.0 = Debug|Any CPU
		{79E5FEEC-31B4-4146-BF5E-F09FAFA87FF3}.Release|Any CPU.ActiveCfg = Release|Any CPU
		{79E5FEEC-31B4-4146-BF5E-F09FAFA87FF3}.Release|Any CPU.Build.0 = Release|Any CPU
		{79E5FEEC-31B4-4146-BF5E-F09FAFA87FF3}.Release|Any CPU.Deploy.0 = Release|Any CPU
	EndGlobalSection
	GlobalSection(SolutionProperties) = preSolution
		HideSolutionNode = FALSE
	EndGlobalSection
	GlobalSection(ExtensibilityGlobals) = postSolution
		SolutionGuid = {5533F8D3-86F3-4146-9036-DD234016CBA2}
	EndGlobalSection
EndGlobal
